
Microsoft Visual Studio Solution File, Format Version 12.00
# Visual Studio Version 16
VisualStudioVersion = 16.0.29613.14
MinimumVisualStudioVersion = 10.0.40219.1
Project("{FAE04EC0-301F-11D3-BF4B-00C04F79EFBC}") = "Assignment1", "Assignment1\Assignment1.csproj", "{D6B3A74D-F82B-4523-8751-83ED9A8ADF5F}"
EndProject
Global
	GlobalSection(SolutionConfigurationPlatforms) = preSolution
		Debug|Any CPU = Debug|Any CPU
		Release|Any CPU = Release|Any CPU
	EndGlobalSection
	GlobalSection(ProjectConfigurationPlatforms) = postSolution
		{D6B3A74D-F82B-4523-8751-83ED9A8ADF5F}.Debug|Any CPU.ActiveCfg = Debug|Any CPU
		{D6B3A74D-F82B-4523-8751-83ED9A8ADF5F}.Debug|Any CPU.Build.0 = Debug|Any CPU
		{D6B3A74D-F82B-4523-8751-83ED9A8ADF5F}.Release|Any CPU.ActiveCfg = Release|Any CPU
		{D6B3A74D-F82B-4523-8751-83ED9A8ADF5F}.Release|Any CPU.Build.0 = Release|Any CPU
	EndGlobalSection
	GlobalSection(SolutionProperties) = preSolution
		HideSolutionNode = FALSE
	EndGlobalSection
	GlobalSection(ExtensibilityGlobals) = postSolution
		SolutionGuid = {D6732673-B7DA-470E-834E-10752CC55FD4}
	EndGlobalSection
EndGlobal
